
Microsoft Visual Studio Solution File, Format Version 12.00
# Visual Studio Version 17
VisualStudioVersion = 17.14.36511.14 d17.14
MinimumVisualStudioVersion = 10.0.40219.1
Project("{FAE04EC0-301F-11D3-BF4B-00C04F79EFBC}") = "CRUD.Shared", "CRUD.Shared\CRUD.Shared.csproj", "{D1E2C1D1-D036-42B2-8EF1-0665210901AD}"
EndProject
Project("{FAE04EC0-301F-11D3-BF4B-00C04F79EFBC}") = "CRUD.Backend", "CRUD.Backend\CRUD.Backend.csproj", "{48EA7BC0-87A6-4FB7-A152-6510F38C6D6F}"
EndProject
Project("{FAE04EC0-301F-11D3-BF4B-00C04F79EFBC}") = "CRUD.Frontend", "CRUD.Frontend\CRUD.Frontend.csproj", "{42FC2893-76A1-48B5-A354-703F8D0102C9}"
EndProject
Global
	GlobalSection(SolutionConfigurationPlatforms) = preSolution
		Debug|Any CPU = Debug|Any CPU
		Release|Any CPU = Release|Any CPU
	EndGlobalSection
	GlobalSection(ProjectConfigurationPlatforms) = postSolution
		{D1E2C1D1-D036-42B2-8EF1-0665210901AD}.Debug|Any CPU.ActiveCfg = Debug|Any CPU
		{D1E2C1D1-D036-42B2-8EF1-0665210901AD}.Debug|Any CPU.Build.0 = Debug|Any CPU
		{D1E2C1D1-D036-42B2-8EF1-0665210901AD}.Release|Any CPU.ActiveCfg = Release|Any CPU
		{D1E2C1D1-D036-42B2-8EF1-0665210901AD}.Release|Any CPU.Build.0 = Release|Any CPU
		{48EA7BC0-87A6-4FB7-A152-6510F38C6D6F}.Debug|Any CPU.ActiveCfg = Debug|Any CPU
		{48EA7BC0-87A6-4FB7-A152-6510F38C6D6F}.Debug|Any CPU.Build.0 = Debug|Any CPU
		{48EA7BC0-87A6-4FB7-A152-6510F38C6D6F}.Release|Any CPU.ActiveCfg = Release|Any CPU
		{48EA7BC0-87A6-4FB7-A152-6510F38C6D6F}.Release|Any CPU.Build.0 = Release|Any CPU
		{42FC2893-76A1-48B5-A354-703F8D0102C9}.Debug|Any CPU.ActiveCfg = Debug|Any CPU
		{42FC2893-76A1-48B5-A354-703F8D0102C9}.Debug|Any CPU.Build.0 = Debug|Any CPU
		{42FC2893-76A1-48B5-A354-703F8D0102C9}.Release|Any CPU.ActiveCfg = Release|Any CPU
		{42FC2893-76A1-48B5-A354-703F8D0102C9}.Release|Any CPU.Build.0 = Release|Any CPU
	EndGlobalSection
	GlobalSection(SolutionProperties) = preSolution
		HideSolutionNode = FALSE
	EndGlobalSection
	GlobalSection(ExtensibilityGlobals) = postSolution
		SolutionGuid = {0ED8B68D-39AF-4807-A31C-7FD4475FD148}
	EndGlobalSection
EndGlobal
